// !$*UTF8*$!
{
	archiveVersion = 1;
	classes = {
	};
	objectVersion = 50;
	objects = {

/* Begin PBXBuildFile section */
		D06F0FC02650299200BD9F9E /* InstagramMobileAppApp.swift in Sources */ = {isa = PBXBuildFile; fileRef = D06F0FBF2650299200BD9F9E /* InstagramMobileAppApp.swift */; };
		D06F0FC22650299200BD9F9E /* ContentView.swift in Sources */ = {isa = PBXBuildFile; fileRef = D06F0FC12650299200BD9F9E /* ContentView.swift */; };
		D06F0FC42650299300BD9F9E /* Assets.xcassets in Resources */ = {isa = PBXBuildFile; fileRef = D06F0FC32650299300BD9F9E /* Assets.xcassets */; };
		D06F0FC72650299300BD9F9E /* Preview Assets.xcassets in Resources */ = {isa = PBXBuildFile; fileRef = D06F0FC62650299300BD9F9E /* Preview Assets.xcassets */; };
		D06F0FD22650299300BD9F9E /* InstagramMobileAppTests.swift in Sources */ = {isa = PBXBuildFile; fileRef = D06F0FD12650299300BD9F9E /* InstagramMobileAppTests.swift */; };
		D06F0FDD2650299300BD9F9E /* InstagramMobileAppUITests.swift in Sources */ = {isa = PBXBuildFile; fileRef = D06F0FDC2650299300BD9F9E /* InstagramMobileAppUITests.swift */; };
/* End PBXBuildFile section */

/* Begin PBXContainerItemProxy section */
		D06F0FCE2650299300BD9F9E /* PBXContainerItemProxy */ = {
			isa = PBXContainerItemProxy;
			containerPortal = D06F0FB42650299200BD9F9E /* Project object */;
			proxyType = 1;
			remoteGlobalIDString = D06F0FBB2650299200BD9F9E;
			remoteInfo = InstagramMobileApp;
		};
		D06F0FD92650299300BD9F9E /* PBXContainerItemProxy */ = {
			isa = PBXContainerItemProxy;
			containerPortal = D06F0FB42650299200BD9F9E /* Project object */;
			proxyType = 1;
			remoteGlobalIDString = D06F0FBB2650299200BD9F9E;
			remoteInfo = InstagramMobileApp;
		};
/* End PBXContainerItemProxy section */

/* Begin PBXFileReference section */
		D06F0FBC2650299200BD9F9E /* InstagramMobileApp.app */ = {isa = PBXFileReference; explicitFileType = wrapper.application; includeInIndex = 0; path = InstagramMobileApp.app; sourceTree = BUILT_PRODUCTS_DIR; };
		D06F0FBF2650299200BD9F9E /* InstagramMobileAppApp.swift */ = {isa = PBXFileReference; lastKnownFileType = sourcecode.swift; path = InstagramMobileAppApp.swift; sourceTree = "<group>"; };
		D06F0FC12650299200BD9F9E /* ContentView.swift */ = {isa = PBXFileReference; lastKnownFileType = sourcecode.swift; path = ContentView.swift; sourceTree = "<group>"; };
		D06F0FC32650299300BD9F9E /* Assets.xcassets */ = {isa = PBXFileReference; lastKnownFileType = folder.assetcatalog; path = Assets.xcassets; sourceTree = "<group>"; };
		D06F0FC62650299300BD9F9E /* Preview Assets.xcassets */ = {isa = PBXFileReference; lastKnownFileType = folder.assetcatalog; path = "Preview Assets.xcassets"; sourceTree = "<group>"; };
		D06F0FC82650299300BD9F9E /* Info.plist */ = {isa = PBXFileReference; lastKnownFileType = text.plist.xml; path = Info.plist; sourceTree = "<group>"; };
		D06F0FCD2650299300BD9F9E /* InstagramMobileAppTests.xctest */ = {isa = PBXFileReference; explicitFileType = wrapper.cfbundle; includeInIndex = 0; path = InstagramMobileAppTests.xctest; sourceTree = BUILT_PRODUCTS_DIR; };
		D06F0FD12650299300BD9F9E /* InstagramMobileAppTests.swift */ = {isa = PBXFileReference; lastKnownFileType = sourcecode.swift; path = InstagramMobileAppTests.swift; sourceTree = "<group>"; };
		D06F0FD32650299300BD9F9E /* Info.plist */ = {isa = PBXFileReference; lastKnownFileType = text.plist.xml; path = Info.plist; sourceTree = "<group>"; };
		D06F0FD82650299300BD9F9E /* InstagramMobileAppUITests.xctest */ = {isa = PBXFileReference; explicitFileType = wrapper.cfbundle; includeInIndex = 0; path = InstagramMobileAppUITests.xctest; sourceTree = BUILT_PRODUCTS_DIR; };
		D06F0FDC2650299300BD9F9E /* InstagramMobileAppUITests.swift */ = {isa = PBXFileReference; lastKnownFileType = sourcecode.swift; path = InstagramMobileAppUITests.swift; sourceTree = "<group>"; };
		D06F0FDE2650299300BD9F9E /* Info.plist */ = {isa = PBXFileReference; lastKnownFileType = text.plist.xml; path = Info.plist; sourceTree = "<group>"; };
/* End PBXFileReference section */

/* Begin PBXFrameworksBuildPhase section */
		D06F0FB92650299200BD9F9E /* Frameworks */ = {
			isa = PBXFrameworksBuildPhase;
			buildActionMask = 2147483647;
			files = (
			);
			runOnlyForDeploymentPostprocessing = 0;
		};
		D06F0FCA2650299300BD9F9E /* Frameworks */ = {
			isa = PBXFrameworksBuildPhase;
			buildActionMask = 2147483647;
			files = (
			);
			runOnlyForDeploymentPostprocessing = 0;
		};
		D06F0FD52650299300BD9F9E /* Frameworks */ = {
			isa = PBXFrameworksBuildPhase;
			buildActionMask = 2147483647;
			files = (
			);
			runOnlyForDeploymentPostprocessing = 0;
		};
/* End PBXFrameworksBuildPhase section */

/* Begin PBXGroup section */
		D06F0FB32650299200BD9F9E = {
			isa = PBXGroup;
			children = (
				D06F0FBE2650299200BD9F9E /* InstagramMobileApp */,
				D06F0FD02650299300BD9F9E /* InstagramMobileAppTests */,
				D06F0FDB2650299300BD9F9E /* InstagramMobileAppUITests */,
				D06F0FBD2650299200BD9F9E /* Products */,
			);
			sourceTree = "<group>";
		};
		D06F0FBD2650299200BD9F9E /* Products */ = {
			isa = PBXGroup;
			children = (
				D06F0FBC2650299200BD9F9E /* InstagramMobileApp.app */,
				D06F0FCD2650299300BD9F9E /* InstagramMobileAppTests.xctest */,
				D06F0FD82650299300BD9F9E /* InstagramMobileAppUITests.xctest */,
			);
			name = Products;
			sourceTree = "<group>";
		};
		D06F0FBE2650299200BD9F9E /* InstagramMobileApp */ = {
			isa = PBXGroup;
			children = (
				D06F0FBF2650299200BD9F9E /* InstagramMobileAppApp.swift */,
				D06F0FC12650299200BD9F9E /* ContentView.swift */,
				D06F0FC32650299300BD9F9E /* Assets.xcassets */,
				D06F0FC82650299300BD9F9E /* Info.plist */,
				D06F0FC52650299300BD9F9E /* Preview Content */,
			);
			path = InstagramMobileApp;
			sourceTree = "<group>";
		};
		D06F0FC52650299300BD9F9E /* Preview Content */ = {
			isa = PBXGroup;
			children = (
				D06F0FC62650299300BD9F9E /* Preview Assets.xcassets */,
			);
			path = "Preview Content";
			sourceTree = "<group>";
		};
		D06F0FD02650299300BD9F9E /* InstagramMobileAppTests */ = {
			isa = PBXGroup;
			children = (
				D06F0FD12650299300BD9F9E /* InstagramMobileAppTests.swift */,
				D06F0FD32650299300BD9F9E /* Info.plist */,
			);
			path = InstagramMobileAppTests;
			sourceTree = "<group>";
		};
		D06F0FDB2650299300BD9F9E /* InstagramMobileAppUITests */ = {
			isa = PBXGroup;
			children = (
				D06F0FDC2650299300BD9F9E /* InstagramMobileAppUITests.swift */,
				D06F0FDE2650299300BD9F9E /* Info.plist */,
			);
			path = InstagramMobileAppUITests;
			sourceTree = "<group>";
		};
/* End PBXGroup section */

/* Begin PBXNativeTarget section */
		D06F0FBB2650299200BD9F9E /* InstagramMobileApp */ = {
			isa = PBXNativeTarget;
			buildConfigurationList = D06F0FE12650299300BD9F9E /* Build configuration list for PBXNativeTarget "InstagramMobileApp" */;
			buildPhases = (
				D06F0FB82650299200BD9F9E /* Sources */,
				D06F0FB92650299200BD9F9E /* Frameworks */,
				D06F0FBA2650299200BD9F9E /* Resources */,
			);
			buildRules = (
			);
			dependencies = (
			);
			name = InstagramMobileApp;
			productName = InstagramMobileApp;
			productReference = D06F0FBC2650299200BD9F9E /* InstagramMobileApp.app */;
			productType = "com.apple.product-type.application";
		};
		D06F0FCC2650299300BD9F9E /* InstagramMobileAppTests */ = {
			isa = PBXNativeTarget;
			buildConfigurationList = D06F0FE42650299300BD9F9E /* Build configuration list for PBXNativeTarget "InstagramMobileAppTests" */;
			buildPhases = (
				D06F0FC92650299300BD9F9E /* Sources */,
				D06F0FCA2650299300BD9F9E /* Frameworks */,
				D06F0FCB2650299300BD9F9E /* Resources */,
			);
			buildRules = (
			);
			dependencies = (
				D06F0FCF2650299300BD9F9E /* PBXTargetDependency */,
			);
			name = InstagramMobileAppTests;
			productName = InstagramMobileAppTests;
			productReference = D06F0FCD2650299300BD9F9E /* InstagramMobileAppTests.xctest */;
			productType = "com.apple.product-type.bundle.unit-test";
		};
		D06F0FD72650299300BD9F9E /* InstagramMobileAppUITests */ = {
			isa = PBXNativeTarget;
			buildConfigurationList = D06F0FE72650299300BD9F9E /* Build configuration list for PBXNativeTarget "InstagramMobileAppUITests" */;
			buildPhases = (
				D06F0FD42650299300BD9F9E /* Sources */,
				D06F0FD52650299300BD9F9E /* Frameworks */,
				D06F0FD62650299300BD9F9E /* Resources */,
			);
			buildRules = (
			);
			dependencies = (
				D06F0FDA2650299300BD9F9E /* PBXTargetDependency */,
			);
			name = InstagramMobileAppUITests;
			productName = InstagramMobileAppUITests;
			productReference = D06F0FD82650299300BD9F9E /* InstagramMobileAppUITests.xctest */;
			productType = "com.apple.product-type.bundle.ui-testing";
		};
/* End PBXNativeTarget section */

/* Begin PBXProject section */
		D06F0FB42650299200BD9F9E /* Project object */ = {
			isa = PBXProject;
			attributes = {
				LastSwiftUpdateCheck = 1240;
				LastUpgradeCheck = 1240;
				TargetAttributes = {
					D06F0FBB2650299200BD9F9E = {
						CreatedOnToolsVersion = 12.4;
					};
					D06F0FCC2650299300BD9F9E = {
						CreatedOnToolsVersion = 12.4;
						TestTargetID = D06F0FBB2650299200BD9F9E;
					};
					D06F0FD72650299300BD9F9E = {
						CreatedOnToolsVersion = 12.4;
						TestTargetID = D06F0FBB2650299200BD9F9E;
					};
				};
			};
			buildConfigurationList = D06F0FB72650299200BD9F9E /* Build configuration list for PBXProject "InstagramMobileApp" */;
			compatibilityVersion = "Xcode 9.3";
			developmentRegion = en;
			hasScannedForEncodings = 0;
			knownRegions = (
				en,
				Base,
			);
			mainGroup = D06F0FB32650299200BD9F9E;
			productRefGroup = D06F0FBD2650299200BD9F9E /* Products */;
			projectDirPath = "";
			projectRoot = "";
			targets = (
				D06F0FBB2650299200BD9F9E /* InstagramMobileApp */,
				D06F0FCC2650299300BD9F9E /* InstagramMobileAppTests */,
				D06F0FD72650299300BD9F9E /* InstagramMobileAppUITests */,
			);
		};
/* End PBXProject section */

/* Begin PBXResourcesBuildPhase section */
		D06F0FBA2650299200BD9F9E /* Resources */ = {
			isa = PBXResourcesBuildPhase;
			buildActionMask = 2147483647;
			files = (
				D06F0FC72650299300BD9F9E /* Preview Assets.xcassets in Resources */,
				D06F0FC42650299300BD9F9E /* Assets.xcassets in Resources */,
			);
			runOnlyForDeploymentPostprocessing = 0;
		};
		D06F0FCB2650299300BD9F9E /* Resources */ = {
			isa = PBXResourcesBuildPhase;
			buildActionMask = 2147483647;
			files = (
			);
			runOnlyForDeploymentPostprocessing = 0;
		};
		D06F0FD62650299300BD9F9E /* Resources */ = {
			isa = PBXResourcesBuildPhase;
			buildActionMask = 2147483647;
			files = (
			);
			runOnlyForDeploymentPostprocessing = 0;
		};
/* End PBXResourcesBuildPhase section */

/* Begin PBXSourcesBuildPhase section */
		D06F0FB82650299200BD9F9E /* Sources */ = {
			isa = PBXSourcesBuildPhase;
			buildActionMask = 2147483647;
			files = (
				D06F0FC22650299200BD9F9E /* ContentView.swift in Sources */,
				D06F0FC02650299200BD9F9E /* InstagramMobileAppApp.swift in Sources */,
			);
			runOnlyForDeploymentPostprocessing = 0;
		};
		D06F0FC92650299300BD9F9E /* Sources */ = {
			isa = PBXSourcesBuildPhase;
			buildActionMask = 2147483647;
			files = (
				D06F0FD22650299300BD9F9E /* InstagramMobileAppTests.swift in Sources */,
			);
			runOnlyForDeploymentPostprocessing = 0;
		};
		D06F0FD42650299300BD9F9E /* Sources */ = {
			isa = PBXSourcesBuildPhase;
			buildActionMask = 2147483647;
			files = (
				D06F0FDD2650299300BD9F9E /* InstagramMobileAppUITests.swift in Sources */,
			);
			runOnlyForDeploymentPostprocessing = 0;
		};
/* End PBXSourcesBuildPhase section */

/* Begin PBXTargetDependency section */
		D06F0FCF2650299300BD9F9E /* PBXTargetDependency */ = {
			isa = PBXTargetDependency;
			target = D06F0FBB2650299200BD9F9E /* InstagramMobileApp */;
			targetProxy = D06F0FCE2650299300BD9F9E /* PBXContainerItemProxy */;
		};
		D06F0FDA2650299300BD9F9E /* PBXTargetDependency */ = {
			isa = PBXTargetDependency;
			target = D06F0FBB2650299200BD9F9E /* InstagramMobileApp */;
			targetProxy = D06F0FD92650299300BD9F9E /* PBXContainerItemProxy */;
		};
/* End PBXTargetDependency section */

/* Begin XCBuildConfiguration section */
		D06F0FDF2650299300BD9F9E /* Debug */ = {
			isa = XCBuildConfiguration;
			buildSettings = {
				ALWAYS_SEARCH_USER_PATHS = NO;
				CLANG_ANALYZER_NONNULL = YES;
				CLANG_ANALYZER_NUMBER_OBJECT_CONVERSION = YES_AGGRESSIVE;
				CLANG_CXX_LANGUAGE_STANDARD = "gnu++14";
				CLANG_CXX_LIBRARY = "libc++";
				CLANG_ENABLE_MODULES = YES;
				CLANG_ENABLE_OBJC_ARC = YES;
				CLANG_ENABLE_OBJC_WEAK = YES;
				CLANG_WARN_BLOCK_CAPTURE_AUTORELEASING = YES;
				CLANG_WARN_BOOL_CONVERSION = YES;
				CLANG_WARN_COMMA = YES;
				CLANG_WARN_CONSTANT_CONVERSION = YES;
				CLANG_WARN_DEPRECATED_OBJC_IMPLEMENTATIONS = YES;
				CLANG_WARN_DIRECT_OBJC_ISA_USAGE = YES_ERROR;
				CLANG_WARN_DOCUMENTATION_COMMENTS = YES;
				CLANG_WARN_EMPTY_BODY = YES;
				CLANG_WARN_ENUM_CONVERSION = YES;
				CLANG_WARN_INFINITE_RECURSION = YES;
				CLANG_WARN_INT_CONVERSION = YES;
				CLANG_WARN_NON_LITERAL_NULL_CONVERSION = YES;
				CLANG_WARN_OBJC_IMPLICIT_RETAIN_SELF = YES;
				CLANG_WARN_OBJC_LITERAL_CONVERSION = YES;
				CLANG_WARN_OBJC_ROOT_CLASS = YES_ERROR;
				CLANG_WARN_QUOTED_INCLUDE_IN_FRAMEWORK_HEADER = YES;
				CLANG_WARN_RANGE_LOOP_ANALYSIS = YES;
				CLANG_WARN_STRICT_PROTOTYPES = YES;
				CLANG_WARN_SUSPICIOUS_MOVE = YES;
				CLANG_WARN_UNGUARDED_AVAILABILITY = YES_AGGRESSIVE;
				CLANG_WARN_UNREACHABLE_CODE = YES;
				CLANG_WARN__DUPLICATE_METHOD_MATCH = YES;
				COPY_PHASE_STRIP = NO;
				DEBUG_INFORMATION_FORMAT = dwarf;
				ENABLE_STRICT_OBJC_MSGSEND = YES;
				ENABLE_TESTABILITY = YES;
				GCC_C_LANGUAGE_STANDARD = gnu11;
				GCC_DYNAMIC_NO_PIC = NO;
				GCC_NO_COMMON_BLOCKS = YES;
				GCC_OPTIMIZATION_LEVEL = 0;
				GCC_PREPROCESSOR_DEFINITIONS = (
					"DEBUG=1",
					"$(inherited)",
				);
				GCC_WARN_64_TO_32_BIT_CONVERSION = YES;
				GCC_WARN_ABOUT_RETURN_TYPE = YES_ERROR;
				GCC_WARN_UNDECLARED_SELECTOR = YES;
				GCC_WARN_UNINITIALIZED_AUTOS = YES_AGGRESSIVE;
				GCC_WARN_UNUSED_FUNCTION = YES;
				GCC_WARN_UNUSED_VARIABLE = YES;
				IPHONEOS_DEPLOYMENT_TARGET = 14.4;
				MTL_ENABLE_DEBUG_INFO = INCLUDE_SOURCE;
				MTL_FAST_MATH = YES;
				ONLY_ACTIVE_ARCH = YES;
				SDKROOT = iphoneos;
				SWIFT_ACTIVE_COMPILATION_CONDITIONS = DEBUG;
				SWIFT_OPTIMIZATION_LEVEL = "-Onone";
			};
			name = Debug;
		};
		D06F0FE02650299300BD9F9E /* Release */ = {
			isa = XCBuildConfiguration;
			buildSettings = {
				ALWAYS_SEARCH_USER_PATHS = NO;
				CLANG_ANALYZER_NONNULL = YES;
				CLANG_ANALYZER_NUMBER_OBJECT_CONVERSION = YES_AGGRESSIVE;
				CLANG_CXX_LANGUAGE_STANDARD = "gnu++14";
				CLANG_CXX_LIBRARY = "libc++";
				CLANG_ENABLE_MODULES = YES;
				CLANG_ENABLE_OBJC_ARC = YES;
				CLANG_ENABLE_OBJC_WEAK = YES;
				CLANG_WARN_BLOCK_CAPTURE_AUTORELEASING = YES;
				CLANG_WARN_BOOL_CONVERSION = YES;
				CLANG_WARN_COMMA = YES;
				CLANG_WARN_CONSTANT_CONVERSION = YES;
				CLANG_WARN_DEPRECATED_OBJC_IMPLEMENTATIONS = YES;
				CLANG_WARN_DIRECT_OBJC_ISA_USAGE = YES_ERROR;
				CLANG_WARN_DOCUMENTATION_COMMENTS = YES;
				CLANG_WARN_EMPTY_BODY = YES;
				CLANG_WARN_ENUM_CONVERSION = YES;
				CLANG_WARN_INFINITE_RECURSION = YES;
				CLANG_WARN_INT_CONVERSION = YES;
				CLANG_WARN_NON_LITERAL_NULL_CONVERSION = YES;
				CLANG_WARN_OBJC_IMPLICIT_RETAIN_SELF = YES;
				CLANG_WARN_OBJC_LITERAL_CONVERSION = YES;
				CLANG_WARN_OBJC_ROOT_CLASS = YES_ERROR;
				CLANG_WARN_QUOTED_INCLUDE_IN_FRAMEWORK_HEADER = YES;
				CLANG_WARN_RANGE_LOOP_ANALYSIS = YES;
				CLANG_WARN_STRICT_PROTOTYPES = YES;
				CLANG_WARN_SUSPICIOUS_MOVE = YES;
				CLANG_WARN_UNGUARDED_AVAILABILITY = YES_AGGRESSIVE;
				CLANG_WARN_UNREACHABLE_CODE = YES;
				CLANG_WARN__DUPLICATE_METHOD_MATCH = YES;
				COPY_PHASE_STRIP = NO;
				DEBUG_INFORMATION_FORMAT = "dwarf-with-dsym";
				ENABLE_NS_ASSERTIONS = NO;
				ENABLE_STRICT_OBJC_MSGSEND = YES;
				GCC_C_LANGUAGE_STANDARD = gnu11;
				GCC_NO_COMMON_BLOCKS = YES;
				GCC_WARN_64_TO_32_BIT_CONVERSION = YES;
				GCC_WARN_ABOUT_RETURN_TYPE = YES_ERROR;
				GCC_WARN_UNDECLARED_SELECTOR = YES;
				GCC_WARN_UNINITIALIZED_AUTOS = YES_AGGRESSIVE;
				GCC_WARN_UNUSED_FUNCTION = YES;
				GCC_WARN_UNUSED_VARIABLE = YES;
				IPHONEOS_DEPLOYMENT_TARGET = 14.4;
				MTL_ENABLE_DEBUG_INFO = NO;
				MTL_FAST_MATH = YES;
				SDKROOT = iphoneos;
				SWIFT_COMPILATION_MODE = wholemodule;
				SWIFT_OPTIMIZATION_LEVEL = "-O";
				VALIDATE_PRODUCT = YES;
			};
			name = Release;
		};
		D06F0FE22650299300BD9F9E /* Debug */ = {
			isa = XCBuildConfiguration;
			buildSettings = {
				ASSETCATALOG_COMPILER_APPICON_NAME = AppIcon;
				ASSETCATALOG_COMPILER_GLOBAL_ACCENT_COLOR_NAME = AccentColor;
				CODE_SIGN_STYLE = Automatic;
				DEVELOPMENT_ASSET_PATHS = "\"InstagramMobileApp/Preview Content\"";
				ENABLE_PREVIEWS = YES;
				INFOPLIST_FILE = InstagramMobileApp/Info.plist;
				IPHONEOS_DEPLOYMENT_TARGET = 14.0;
				LD_RUNPATH_SEARCH_PATHS = (
					"$(inherited)",
					"@executable_path/Frameworks",
				);
				PRODUCT_BUNDLE_IDENTIFIER = bitci.InstagramMobileApp;
				PRODUCT_NAME = "$(TARGET_NAME)";
				SWIFT_VERSION = 5.0;
				TARGETED_DEVICE_FAMILY = "1,2";
			};
			name = Debug;
		};
		D06F0FE32650299300BD9F9E /* Release */ = {
			isa = XCBuildConfiguration;
			buildSettings = {
				ASSETCATALOG_COMPILER_APPICON_NAME = AppIcon;
				ASSETCATALOG_COMPILER_GLOBAL_ACCENT_COLOR_NAME = AccentColor;
				CODE_SIGN_STYLE = Automatic;
				DEVELOPMENT_ASSET_PATHS = "\"InstagramMobileApp/Preview Content\"";
				ENABLE_PREVIEWS = YES;
				INFOPLIST_FILE = InstagramMobileApp/Info.plist;
				IPHONEOS_DEPLOYMENT_TARGET = 14.0;
				LD_RUNPATH_SEARCH_PATHS = (
					"$(inherited)",
					"@executable_path/Frameworks",
				);
				PRODUCT_BUNDLE_IDENTIFIER = bitci.InstagramMobileApp;
				PRODUCT_NAME = "$(TARGET_NAME)";
				SWIFT_VERSION = 5.0;
				TARGETED_DEVICE_FAMILY = "1,2";
			};
			name = Release;
		};
		D06F0FE52650299300BD9F9E /* Debug */ = {
			isa = XCBuildConfiguration;
			buildSettings = {
				ALWAYS_EMBED_SWIFT_STANDARD_LIBRARIES = YES;
				BUNDLE_LOADER = "$(TEST_HOST)";
				CODE_SIGN_STYLE = Automatic;
				INFOPLIST_FILE = InstagramMobileAppTests/Info.plist;
				IPHONEOS_DEPLOYMENT_TARGET = 14.0;
				LD_RUNPATH_SEARCH_PATHS = (
					"$(inherited)",
					"@executable_path/Frameworks",
					"@loader_path/Frameworks",
				);
				PRODUCT_BUNDLE_IDENTIFIER = bitci.InstagramMobileAppTests;
				PRODUCT_NAME = "$(TARGET_NAME)";
				SWIFT_VERSION = 5.0;
				TARGETED_DEVICE_FAMILY = "1,2";
				TEST_HOST = "$(BUILT_PRODUCTS_DIR)/InstagramMobileApp.app/InstagramMobileApp";
			};
			name = Debug;
		};
		D06F0FE62650299300BD9F9E /* Release */ = {
			isa = XCBuildConfiguration;
			buildSettings = {
				ALWAYS_EMBED_SWIFT_STANDARD_LIBRARIES = YES;
				BUNDLE_LOADER = "$(TEST_HOST)";
				CODE_SIGN_STYLE = Automatic;
				INFOPLIST_FILE = InstagramMobileAppTests/Info.plist;
				IPHONEOS_DEPLOYMENT_TARGET = 14.0;
				LD_RUNPATH_SEARCH_PATHS = (
					"$(inherited)",
					"@executable_path/Frameworks",
					"@loader_path/Frameworks",
				);
				PRODUCT_BUNDLE_IDENTIFIER = bitci.InstagramMobileAppTests;
				PRODUCT_NAME = "$(TARGET_NAME)";
				SWIFT_VERSION = 5.0;
				TARGETED_DEVICE_FAMILY = "1,2";
				TEST_HOST = "$(BUILT_PRODUCTS_DIR)/InstagramMobileApp.app/InstagramMobileApp";
			};
			name = Release;
		};
		D06F0FE82650299300BD9F9E /* Debug */ = {
			isa = XCBuildConfiguration;
			buildSettings = {
				ALWAYS_EMBED_SWIFT_STANDARD_LIBRARIES = YES;
				CODE_SIGN_STYLE = Automatic;
				INFOPLIST_FILE = InstagramMobileAppUITests/Info.plist;
				LD_RUNPATH_SEARCH_PATHS = (
					"$(inherited)",
					"@executable_path/Frameworks",
					"@loader_path/Frameworks",
				);
				PRODUCT_BUNDLE_IDENTIFIER = bitci.InstagramMobileAppUITests;
				PRODUCT_NAME = "$(TARGET_NAME)";
				SWIFT_VERSION = 5.0;
				TARGETED_DEVICE_FAMILY = "1,2";
				TEST_TARGET_NAME = InstagramMobileApp;
			};
			name = Debug;
		};
		D06F0FE92650299300BD9F9E /* Release */ = {
			isa = XCBuildConfiguration;
			buildSettings = {
				ALWAYS_EMBED_SWIFT_STANDARD_LIBRARIES = YES;
				CODE_SIGN_STYLE = Automatic;
				INFOPLIST_FILE = InstagramMobileAppUITests/Info.plist;
				LD_RUNPATH_SEARCH_PATHS = (
					"$(inherited)",
					"@executable_path/Frameworks",
					"@loader_path/Frameworks",
				);
				PRODUCT_BUNDLE_IDENTIFIER = bitci.InstagramMobileAppUITests;
				PRODUCT_NAME = "$(TARGET_NAME)";
				SWIFT_VERSION = 5.0;
				TARGETED_DEVICE_FAMILY = "1,2";
				TEST_TARGET_NAME = InstagramMobileApp;
			};
			name = Release;
		};
/* End XCBuildConfiguration section */

/* Begin XCConfigurationList section */
		D06F0FB72650299200BD9F9E /* Build configuration list for PBXProject "InstagramMobileApp" */ = {
			isa = XCConfigurationList;
			buildConfigurations = (
				D06F0FDF2650299300BD9F9E /* Debug */,
				D06F0FE02650299300BD9F9E /* Release */,
			);
			defaultConfigurationIsVisible = 0;
			defaultConfigurationName = Release;
		};
		D06F0FE12650299300BD9F9E /* Build configuration list for PBXNativeTarget "InstagramMobileApp" */ = {
			isa = XCConfigurationList;
			buildConfigurations = (
				D06F0FE22650299300BD9F9E /* Debug */,
				D06F0FE32650299300BD9F9E /* Release */,
			);
			defaultConfigurationIsVisible = 0;
			defaultConfigurationName = Release;
		};
		D06F0FE42650299300BD9F9E /* Build configuration list for PBXNativeTarget "InstagramMobileAppTests" */ = {
			isa = XCConfigurationList;
			buildConfigurations = (
				D06F0FE52650299300BD9F9E /* Debug */,
				D06F0FE62650299300BD9F9E /* Release */,
			);
			defaultConfigurationIsVisible = 0;
			defaultConfigurationName = Release;
		};
		D06F0FE72650299300BD9F9E /* Build configuration list for PBXNativeTarget "InstagramMobileAppUITests" */ = {
			isa = XCConfigurationList;
			buildConfigurations = (
				D06F0FE82650299300BD9F9E /* Debug */,
				D06F0FE92650299300BD9F9E /* Release */,
			);
			defaultConfigurationIsVisible = 0;
			defaultConfigurationName = Release;
		};
/* End XCConfigurationList section */
	};
	rootObject = D06F0FB42650299200BD9F9E /* Project object */;
}
